{
  "lockfileVersion": 1,
  "workspaces": {
    "": {
      "name": "cv-mattia",
      "devDependencies": {
        "@types/bun": "latest",
        "bun": "^1.2.12",
      },
      "peerDependencies": {
        "typescript": "^5",
      },
    },
  },
  "packages": {
    "@oven/bun-darwin-aarch64": ["@oven/bun-darwin-aarch64@1.2.12", "", { "os": "darwin", "cpu": "arm64" }, "sha512-4xH3AwitT21tOeUdxwz5vLei0FYP2rh65OHMTxgrZzH6+DiLAryQpOAJv41yOH8cWKmOclQWD7B8rCbKFiPekg=="],

    "@oven/bun-darwin-x64": ["@oven/bun-darwin-x64@1.2.12", "", { "os": "darwin", "cpu": "x64" }, "sha512-L3s33xv/e4DnF23oD2mNhmb7CpHA/uTSX4h1WbkhamTv1gJkUV2N+irZ18QB5iKOCt1q2u5ED1zpoPE2dthLzA=="],

    "@oven/bun-darwin-x64-baseline": ["@oven/bun-darwin-x64-baseline@1.2.12", "", { "os": "darwin", "cpu": "x64" }, "sha512-n3uCYO2MIWrRvczAYvPvtqmxzAPvBatP9E9z8e//CqgyTUr0DabNI07p+5S3433hC38hIgLtY2DsKTkfuM5eCQ=="],

    "@oven/bun-linux-aarch64": ["@oven/bun-linux-aarch64@1.2.12", "", { "os": "linux", "cpu": "arm64" }, "sha512-uz6fBRrUkG7puT0snGeG476B9Cqrqc3pjFTAls0yMlFWSbCJpQfSO77jp3TklMOvEPreA0yG/8c3t9OKImAkxw=="],

    "@oven/bun-linux-aarch64-musl": ["@oven/bun-linux-aarch64-musl@1.2.12", "", { "os": "linux", "cpu": "none" }, "sha512-31ySDZXHgGxcMoxWSIupWhSug/Ddjwtfg8iTf9lEI2jymj1zaMPCt2jPLriw5/V5gDtuTWW1E29PlrLIiCxoCA=="],

    "@oven/bun-linux-x64": ["@oven/bun-linux-x64@1.2.12", "", { "os": "linux", "cpu": "x64" }, "sha512-gNjguT4fuekF1i0/OuDd+7FcjHkv2qE0xBTwZMmXOzFOADPRo5zLB4LIcwfKpiZT+jZlZNdVOao05ebdEadbIw=="],

    "@oven/bun-linux-x64-baseline": ["@oven/bun-linux-x64-baseline@1.2.12", "", { "os": "linux", "cpu": "x64" }, "sha512-JOX0GhMfoNADCxe2rlvXOsu05VmGis0vqghELN91vuWHAUt/8RQ1CvIJ47DlrQuKbxpYs1SjV4J+bwbte/RUAA=="],

    "@oven/bun-linux-x64-musl": ["@oven/bun-linux-x64-musl@1.2.12", "", { "os": "linux", "cpu": "x64" }, "sha512-8lSQ71mYx1WLzAvAHFaJwzWamdfcaWaqJemuIX0/5Njy36ieqo05gSc6k7c9gaZEb9aFK0bQ4S/f3enthO5HJQ=="],

    "@oven/bun-linux-x64-musl-baseline": ["@oven/bun-linux-x64-musl-baseline@1.2.12", "", { "os": "linux", "cpu": "x64" }, "sha512-6Gb8szm3mOLcHNUmuBbvDAqb7weqpsMJa/3cAkdWYa+svx5X1j3r7fXpzc0oSVKKqnlg9lIf69lza4iuJjVQfg=="],

    "@oven/bun-windows-x64": ["@oven/bun-windows-x64@1.2.12", "", { "os": "win32", "cpu": "x64" }, "sha512-tyfHFOxBoBgIJmx9rAcSykmLKcLJOTg5eAbyz0jbZHm85ClLLNynBi+rp1pmEMm8wPxmMzdjNhc6XFSUoA4/pg=="],

    "@oven/bun-windows-x64-baseline": ["@oven/bun-windows-x64-baseline@1.2.12", "", { "os": "win32", "cpu": "x64" }, "sha512-8wwIRhQPibE9nGhZdy8MW8ueCCs/VLtJjDtV3bIZNl82SfXbVyObxQkYm6BjItKid2OTb5eLMcKc0kbd3fAPLw=="],

    "@types/bun": ["@types/bun@1.2.12", "", { "dependencies": { "bun-types": "1.2.12" } }, "sha512-lY/GQTXDGsolT/TiH72p1tuyUORuRrdV7VwOTOjDOt8uTBJQOJc5zz3ufwwDl0VBaoxotSk4LdP0hhjLJ6ypIQ=="],

    "@types/node": ["@types/node@22.15.16", "", { "dependencies": { "undici-types": "~6.21.0" } }, "sha512-3pr+KjwpVujqWqOKT8mNR+rd09FqhBLwg+5L/4t0cNYBzm/yEiYGCxWttjaPBsLtAo+WFNoXzGJfolM1JuRXoA=="],

    "bun": ["bun@1.2.12", "", { "optionalDependencies": { "@oven/bun-darwin-aarch64": "1.2.12", "@oven/bun-darwin-x64": "1.2.12", "@oven/bun-darwin-x64-baseline": "1.2.12", "@oven/bun-linux-aarch64": "1.2.12", "@oven/bun-linux-aarch64-musl": "1.2.12", "@oven/bun-linux-x64": "1.2.12", "@oven/bun-linux-x64-baseline": "1.2.12", "@oven/bun-linux-x64-musl": "1.2.12", "@oven/bun-linux-x64-musl-baseline": "1.2.12", "@oven/bun-windows-x64": "1.2.12", "@oven/bun-windows-x64-baseline": "1.2.12" }, "os": [ "linux", "win32", "darwin", ], "cpu": [ "x64", "arm64", ], "bin": { "bun": "bin/bun.exe", "bunx": "bin/bun.exe" } }, "sha512-66kW1iPrYLEC3MEsmYJhcPdNwMrT6V+l0cwcI9wl1jt4a8lhBhomgM16jYnSDzBros2C/8oJ/aZY8Y9HUvLLTA=="],

    "bun-types": ["bun-types@1.2.12", "", { "dependencies": { "@types/node": "*" } }, "sha512-tvWMx5vPqbRXgE8WUZI94iS1xAYs8bkqESR9cxBB1Wi+urvfTrF1uzuDgBHFAdO0+d2lmsbG3HmeKMvUyj6pWA=="],

    "typescript": ["typescript@5.8.3", "", { "bin": { "tsc": "bin/tsc", "tsserver": "bin/tsserver" } }, "sha512-p1diW6TqL9L07nNxvRMM7hMMw4c5XOo/1ibL4aAIGmSAt9slTE1Xgw5KWuof2uTOvCg9BY7ZRi+GaF+7sfgPeQ=="],

    "undici-types": ["undici-types@6.21.0", "", {}, "sha512-iwDZqg0QAGrg9Rav5H4n0M64c3mkR59cJ6wQp+7C4nI0gsmExaedaYLNO44eT4AtBBwjbTiGPMlt2Md0T9H9JQ=="],
  }
}
